
Microsoft Visual Studio Solution File, Format Version 12.00
# Visual Studio Version 16
VisualStudioVersion = 16.0.31624.102
MinimumVisualStudioVersion = 10.0.40219.1
Project("{FAE04EC0-301F-11D3-BF4B-00C04F79EFBC}") = "Cineplex", "Cineplex\Cineplex.csproj", "{23636C78-71E3-45BE-9194-41404E2A0DB2}"
EndProject
Global
	GlobalSection(SolutionConfigurationPlatforms) = preSolution
		Debug|Any CPU = Debug|Any CPU
		Release|Any CPU = Release|Any CPU
	EndGlobalSection
	GlobalSection(ProjectConfigurationPlatforms) = postSolution
		{23636C78-71E3-45BE-9194-41404E2A0DB2}.Debug|Any CPU.ActiveCfg = Debug|Any CPU
		{23636C78-71E3-45BE-9194-41404E2A0DB2}.Debug|Any CPU.Build.0 = Debug|Any CPU
		{23636C78-71E3-45BE-9194-41404E2A0DB2}.Release|Any CPU.ActiveCfg = Release|Any CPU
		{23636C78-71E3-45BE-9194-41404E2A0DB2}.Release|Any CPU.Build.0 = Release|Any CPU
	EndGlobalSection
	GlobalSection(SolutionProperties) = preSolution
		HideSolutionNode = FALSE
	EndGlobalSection
	GlobalSection(ExtensibilityGlobals) = postSolution
		SolutionGuid = {596E41D7-A625-4E5E-B1F9-C58BAE9501E3}
	EndGlobalSection
EndGlobal
